# Generated by pub
# See https://dart.dev/tools/pub/glossary#lockfile
packages:
  _flutterfire_internals:
    dependency: transitive
    description:
      name: _flutterfire_internals
      sha256: "867b77e2367bc502dcd4d5a66302615409f04eb20ed82ba1c0ba073f9107e018"
      url: "https://pub.dev"
    source: hosted
    version: "1.2.0"
  args:
    dependency: transitive
    description:
      name: args
      sha256: c372bb384f273f0c2a8aaaa226dad84dc27c8519a691b888725dec59518ad53a
      url: "https://pub.dev"
    source: hosted
    version: "2.4.1"
  async:
    dependency: transitive
    description:
      name: async
      sha256: "947bfcf187f74dbc5e146c9eb9c0f10c9f8b30743e341481c1e2ed3ecc18c20c"
      url: "https://pub.dev"
    source: hosted
    version: "2.11.0"
  audio_session:
    dependency: transitive
    description:
      name: audio_session
      sha256: e4acc4e9eaa32436dfc5d7aed7f0a370f2d7bb27ee27de30d6c4f220c2a05c73
      url: "https://pub.dev"
    source: hosted
    version: "0.1.13"
  audioplayers:
    dependency: "direct main"
    description:
      name: audioplayers
      sha256: "6063c05f987596ba7a3dad9bb9a5d8adfa5e7c07b9bae5301b27c11d0b3a239f"
      url: "https://pub.dev"
    source: hosted
    version: "4.0.1"
  audioplayers_android:
    dependency: transitive
    description:
      name: audioplayers_android
      sha256: fb6bca878ad175d8f6ddc0e0a2d4226d81fa7c10747c12db420e96c7a096b2cc
      url: "https://pub.dev"
    source: hosted
    version: "3.0.1"
  audioplayers_darwin:
    dependency: transitive
    description:
      name: audioplayers_darwin
      sha256: c4a56c49347b2e85ac4e1efea218948ca0fba87f04d2a3d3de07ce2410037038
      url: "https://pub.dev"
    source: hosted
    version: "4.0.1"
  audioplayers_linux:
    dependency: transitive
    description:
      name: audioplayers_linux
      sha256: "897e24f190232a3fbb88134b062aa83a9240f55789b5e8d17c114283284ef56b"
      url: "https://pub.dev"
    source: hosted
    version: "2.0.1"
  audioplayers_platform_interface:
    dependency: transitive
    description:
      name: audioplayers_platform_interface
      sha256: "3a90a46198d375fc7d47bc1d3070c8fd8863b6469b7d87ca80f953efb090f976"
      url: "https://pub.dev"
    source: hosted
    version: "5.0.0"
  audioplayers_web:
    dependency: transitive
    description:
      name: audioplayers_web
      sha256: "4f5dcbfec0bf98ea09e243d5f5b64ea43a4e6710a2f292724bed16cdba3c691e"
      url: "https://pub.dev"
    source: hosted
    version: "3.0.1"
  audioplayers_windows:
    dependency: transitive
    description:
      name: audioplayers_windows
      sha256: "010f575653c01ccbe9756050b18df83d89426740e04b684f6438aa26c775a965"
      url: "https://pub.dev"
    source: hosted
    version: "2.0.1"
  barcode_scan2:
    dependency: "direct main"
    description:
      name: barcode_scan2
      sha256: "0b0625d27841a21e36e896195d86b2aada335e3c486f63647cce701495718e16"
      url: "https://pub.dev"
    source: hosted
    version: "4.2.4"
  boolean_selector:
    dependency: transitive
    description:
      name: boolean_selector
      sha256: "6cfb5af12253eaf2b368f07bacc5a80d1301a071c73360d746b7f2e32d762c66"
      url: "https://pub.dev"
    source: hosted
    version: "2.1.1"
  characters:
    dependency: "direct main"
    description:
      name: characters
      sha256: "04a925763edad70e8443c99234dc3328f442e811f1d8fd1a72f1c8ad0f69a605"
      url: "https://pub.dev"
    source: hosted
    version: "1.3.0"
  clock:
    dependency: transitive
    description:
      name: clock
      sha256: cb6d7f03e1de671e34607e909a7213e31d7752be4fb66a86d29fe1eb14bfb5cf
      url: "https://pub.dev"
    source: hosted
    version: "1.1.1"
  cloud_firestore:
    dependency: "direct main"
    description:
      name: cloud_firestore
      sha256: "1ba6da0f5c07323b62c3843da98d18f49020b0a337a2b3faf66e207609fa4742"
      url: "https://pub.dev"
    source: hosted
    version: "4.6.0"
  cloud_firestore_platform_interface:
    dependency: transitive
    description:
      name: cloud_firestore_platform_interface
      sha256: "804e212c180abb50d861e5cf18e86cd621806f7cf6ebf926e8871db7a7a7efe5"
      url: "https://pub.dev"
    source: hosted
    version: "5.13.0"
  cloud_firestore_web:
    dependency: transitive
    description:
      name: cloud_firestore_web
      sha256: "4ecd040aaaa475096f2565e556e7b515b368a2cb893add50da31019fa8102d35"
      url: "https://pub.dev"
    source: hosted
    version: "3.4.3"
  cloud_functions:
    dependency: "direct main"
    description:
      name: cloud_functions
      sha256: "89b2037db0a7ec44626e6152306d72a53b64dfa879f100c400d751085bb0ffd9"
      url: "https://pub.dev"
    source: hosted
    version: "4.2.0"
  cloud_functions_platform_interface:
    dependency: transitive
    description:
      name: cloud_functions_platform_interface
      sha256: ff96d765321dacfa997938b510e0670bb1dfad512a1a06dd0e8e576537059007
      url: "https://pub.dev"
    source: hosted
    version: "5.3.0"
  cloud_functions_web:
    dependency: transitive
    description:
      name: cloud_functions_web
      sha256: af1cbdf6c5c21b8e5a7a72e3ce1155adddb39eebbacad42e2e797ddd09a46f28
      url: "https://pub.dev"
    source: hosted
    version: "4.4.2"
  collection:
    dependency: transitive
    description:
      name: collection
      sha256: "4a07be6cb69c84d677a6c3096fcf960cc3285a8330b4603e0d463d15d9bd934c"
      url: "https://pub.dev"
    source: hosted
    version: "1.17.1"
  crypto:
    dependency: "direct main"
    description:
      name: crypto
      sha256: ff625774173754681d66daaf4a448684fb04b78f902da9cb3d308c19cc5e8bab
      url: "https://pub.dev"
    source: hosted
    version: "3.0.3"
  csslib:
    dependency: transitive
    description:
      name: csslib
      sha256: b36c7f7e24c0bdf1bf9a3da461c837d1de64b9f8beb190c9011d8c72a3dfd745
      url: "https://pub.dev"
    source: hosted
    version: "0.17.2"
  cupertino_icons:
    dependency: "direct main"
    description:
      name: cupertino_icons
      sha256: e35129dc44c9118cee2a5603506d823bab99c68393879edb440e0090d07586be
      url: "https://pub.dev"
    source: hosted
    version: "1.0.5"
  fake_async:
    dependency: transitive
    description:
      name: fake_async
      sha256: "511392330127add0b769b75a987850d136345d9227c6b94c96a04cf4a391bf78"
      url: "https://pub.dev"
    source: hosted
    version: "1.3.1"
  ffi:
    dependency: transitive
    description:
      name: ffi
      sha256: a38574032c5f1dd06c4aee541789906c12ccaab8ba01446e800d9c5b79c4a978
      url: "https://pub.dev"
    source: hosted
    version: "2.0.1"
  file:
    dependency: transitive
    description:
      name: file
      sha256: "1b92bec4fc2a72f59a8e15af5f52cd441e4a7860b49499d69dfa817af20e925d"
      url: "https://pub.dev"
    source: hosted
    version: "6.1.4"
  firebase_analytics:
    dependency: "direct main"
    description:
      name: firebase_analytics
      sha256: "7bafe86463bd50143a6a6493e7485c5605b6be0e2904650c0e5a59523e2f8e7b"
      url: "https://pub.dev"
    source: hosted
    version: "10.3.0"
  firebase_analytics_platform_interface:
    dependency: transitive
    description:
      name: firebase_analytics_platform_interface
      sha256: ef83b385b72ebf30efaf34178cf17432e2820292783c68ede52e251b815126d8
      url: "https://pub.dev"
    source: hosted
    version: "3.5.0"
  firebase_analytics_web:
    dependency: transitive
    description:
      name: firebase_analytics_web
      sha256: "0e9739785534dfb881ac5593c74e92ee988787ff6ac5662c7afab5e4b5676540"
      url: "https://pub.dev"
    source: hosted
    version: "0.5.3"
  firebase_auth:
    dependency: "direct main"
    description:
      name: firebase_auth
      sha256: "76da24b6c2aee88694d42c1a8896bc84d85adbd4a7801f376f1cce6dc8b09a15"
      url: "https://pub.dev"
    source: hosted
    version: "4.5.0"
  firebase_auth_platform_interface:
    dependency: transitive
    description:
      name: firebase_auth_platform_interface
      sha256: "4d30c51a60df38e7ba2240fe9dbf8d5c17f7e51b8699f66ae3b263927a0ab586"
      url: "https://pub.dev"
    source: hosted
    version: "6.14.0"
  firebase_auth_web:
    dependency: transitive
    description:
      name: firebase_auth_web
      sha256: de446cda07814ce690688830748fd9857fc4027e8434f8a8af11c8d4619c2197
      url: "https://pub.dev"
    source: hosted
    version: "5.4.0"
  firebase_core:
    dependency: "direct main"
    description:
      name: firebase_core
      sha256: dcf54c170c5371ad0e79229d0fb372c58262ae0968b7de222bf28e51dd236be0
      url: "https://pub.dev"
    source: hosted
    version: "2.11.0"
  firebase_core_platform_interface:
    dependency: transitive
    description:
      name: firebase_core_platform_interface
      sha256: ae79f335f6c7f2dadb00c98c429da2ca905d265e0225fb5e7dfa62ac3accad48
      url: "https://pub.dev"
    source: hosted
    version: "4.7.0"
  firebase_core_web:
    dependency: transitive
    description:
      name: firebase_core_web
      sha256: e57ef862257a0d977c1308d02e2fbb9b68525e6d85711b08f3df8cec836fb444
      url: "https://pub.dev"
    source: hosted
    version: "2.4.0"
  firebase_crashlytics:
    dependency: "direct main"
    description:
      name: firebase_crashlytics
      sha256: e8424f75c0fd466a6ae4d069b313ec84133ef275c00a5a3a416b75b99fb3e831
      url: "https://pub.dev"
    source: hosted
    version: "3.2.0"
  firebase_crashlytics_platform_interface:
    dependency: transitive
    description:
      name: firebase_crashlytics_platform_interface
      sha256: "381e28f33d5255a698ac7755c3c4fdff42382be0154f375564e6852aa46f9d8f"
      url: "https://pub.dev"
    source: hosted
    version: "3.5.0"
  firebase_database:
    dependency: "direct main"
    description:
      name: firebase_database
      sha256: "4ba491c109ee645cf7a11277e868b69b29a29e5ceba7002c3e38c26b67d40640"
      url: "https://pub.dev"
    source: hosted
    version: "10.1.2"
  firebase_database_platform_interface:
    dependency: transitive
    description:
      name: firebase_database_platform_interface
      sha256: b5e060530bc8e79a2e7e93e202c014d4c3c8a8ee20929e847d0de54ec298cd79
      url: "https://pub.dev"
    source: hosted
    version: "0.2.4"
  firebase_database_web:
    dependency: transitive
    description:
      name: firebase_database_web
      sha256: "144009e3b8acda6304c85018d4961007b48c7c0cf0fdffc2a0f0c54971a310d7"
      url: "https://pub.dev"
    source: hosted
    version: "0.2.2+2"
  fixnum:
    dependency: transitive
    description:
      name: fixnum
      sha256: "25517a4deb0c03aa0f32fd12db525856438902d9c16536311e76cdc57b31d7d1"
      url: "https://pub.dev"
    source: hosted
    version: "1.1.0"
  flutter:
    dependency: "direct main"
    description: flutter
    source: sdk
    version: "0.0.0"
  flutter_custom_tabs:
    dependency: "direct main"
    description:
      name: flutter_custom_tabs
      sha256: bebb9552438eb3aea8f8511d48e41abdd0d05ff3e9a74622a4d1acd2bffd242c
      url: "https://pub.dev"
    source: hosted
    version: "1.0.4"
  flutter_custom_tabs_platform_interface:
    dependency: transitive
    description:
      name: flutter_custom_tabs_platform_interface
      sha256: bbd2d9a2ff22d27e079a35302ddd3da9f2328110c370d56c81655a7ba306fee2
      url: "https://pub.dev"
    source: hosted
    version: "1.0.1"
  flutter_custom_tabs_web:
    dependency: transitive
    description:
      name: flutter_custom_tabs_web
      sha256: d735abff9a1b215018dfe2584f131fe0a3bb0e3b685fbd6ae8a55cf5c4d7dcd8
      url: "https://pub.dev"
    source: hosted
    version: "1.0.0"
  flutter_keyboard_visibility:
    dependency: "direct main"
    description:
      name: flutter_keyboard_visibility
      sha256: "4983655c26ab5b959252ee204c2fffa4afeb4413cd030455194ec0caa3b8e7cb"
      url: "https://pub.dev"
    source: hosted
    version: "5.4.1"
  flutter_keyboard_visibility_linux:
    dependency: transitive
    description:
      name: flutter_keyboard_visibility_linux
      sha256: "6fba7cd9bb033b6ddd8c2beb4c99ad02d728f1e6e6d9b9446667398b2ac39f08"
      url: "https://pub.dev"
    source: hosted
    version: "1.0.0"
  flutter_keyboard_visibility_macos:
    dependency: transitive
    description:
      name: flutter_keyboard_visibility_macos
      sha256: c5c49b16fff453dfdafdc16f26bdd8fb8d55812a1d50b0ce25fc8d9f2e53d086
      url: "https://pub.dev"
    source: hosted
    version: "1.0.0"
  flutter_keyboard_visibility_platform_interface:
    dependency: transitive
    description:
      name: flutter_keyboard_visibility_platform_interface
      sha256: e43a89845873f7be10cb3884345ceb9aebf00a659f479d1c8f4293fcb37022a4
      url: "https://pub.dev"
    source: hosted
    version: "2.0.0"
  flutter_keyboard_visibility_web:
    dependency: transitive
    description:
      name: flutter_keyboard_visibility_web
      sha256: d3771a2e752880c79203f8d80658401d0c998e4183edca05a149f5098ce6e3d1
      url: "https://pub.dev"
    source: hosted
    version: "2.0.0"
  flutter_keyboard_visibility_windows:
    dependency: transitive
    description:
      name: flutter_keyboard_visibility_windows
      sha256: fc4b0f0b6be9b93ae527f3d527fb56ee2d918cd88bbca438c478af7bcfd0ef73
      url: "https://pub.dev"
    source: hosted
    version: "1.0.0"
  flutter_lints:
    dependency: "direct dev"
    description:
      name: flutter_lints
      sha256: aeb0b80a8b3709709c9cc496cdc027c5b3216796bc0af0ce1007eaf24464fd4c
      url: "https://pub.dev"
    source: hosted
    version: "2.0.1"
  flutter_localizations:
    dependency: "direct main"
    description: flutter
    source: sdk
    version: "0.0.0"
  flutter_localized_locales:
    dependency: "direct main"
    description:
      name: flutter_localized_locales
      sha256: f219350dffcfd56692b4e41953710c2975888dd9c507d977ec6853d7ea140336
      url: "https://pub.dev"
    source: hosted
    version: "2.0.4"
  flutter_markdown:
    dependency: "direct main"
    description:
      name: flutter_markdown
      sha256: "7b25c10de1fea883f3c4f9b8389506b54053cd00807beab69fd65c8653a2711f"
      url: "https://pub.dev"
    source: hosted
    version: "0.6.14"
  flutter_test:
    dependency: "direct dev"
    description: flutter
    source: sdk
    version: "0.0.0"
  flutter_tts:
    dependency: "direct main"
    description:
      name: flutter_tts
      sha256: e91ad17793ad12cca9c3066accf99ceb353bf0355ad06b767176f178b5c428f6
      url: "https://pub.dev"
    source: hosted
    version: "3.6.3"
  flutter_web_auth:
    dependency: "direct main"
    description:
      name: flutter_web_auth
      sha256: a69fa8f43b9e4d86ac72176bf747b735e7b977dd7cf215076d95b87cb05affdd
      url: "https://pub.dev"
    source: hosted
    version: "0.5.0"
  flutter_web_plugins:
    dependency: transitive
    description: flutter
    source: sdk
    version: "0.0.0"
  google_fonts:
    dependency: "direct main"
    description:
      name: google_fonts
      sha256: "6b6f10f0ce3c42f6552d1c70d2c28d764cf22bb487f50f66cca31dcd5194f4d6"
      url: "https://pub.dev"
    source: hosted
    version: "4.0.4"
  google_mobile_ads:
    dependency: "direct main"
    description:
      name: google_mobile_ads
      sha256: "24ee4e9546866cc15ebe565dabf6a6c485ce5fbec0645fde22799800532000f0"
      url: "https://pub.dev"
    source: hosted
    version: "3.0.0"
  html:
    dependency: transitive
    description:
      name: html
      sha256: "58e3491f7bf0b6a4ea5110c0c688877460d1a6366731155c4a4580e7ded773e8"
      url: "https://pub.dev"
    source: hosted
    version: "0.15.3"
  http:
    dependency: "direct main"
    description:
      name: http
      sha256: "5895291c13fa8a3bd82e76d5627f69e0d85ca6a30dcac95c4ea19a5d555879c2"
      url: "https://pub.dev"
    source: hosted
    version: "0.13.6"
  http_parser:
    dependency: transitive
    description:
      name: http_parser
      sha256: "2aa08ce0341cc9b354a498388e30986515406668dbcc4f7c950c3e715496693b"
      url: "https://pub.dev"
    source: hosted
    version: "4.0.2"
  in_app_purchase:
    dependency: "direct main"
    description:
      name: in_app_purchase
      sha256: af00db44f0314eda24f5e7ff18a6b445ab95e11fcf49c53e4b7c6bef005eeecf
      url: "https://pub.dev"
    source: hosted
    version: "3.1.5"
  in_app_purchase_android:
    dependency: transitive
    description:
      name: in_app_purchase_android
      sha256: "8d24e7141d5da4e239045438cb990b98fe8fd3e8de6884fbc76ff4ecec30caf5"
      url: "https://pub.dev"
    source: hosted
    version: "0.2.5+4"
  in_app_purchase_platform_interface:
    dependency: transitive
    description:
      name: in_app_purchase_platform_interface
      sha256: ba5d4d7059ba512907382dce363eabab53c0826ecb23cfb40c58cec6141ea105
      url: "https://pub.dev"
    source: hosted
    version: "1.3.3"
  in_app_purchase_storekit:
    dependency: transitive
    description:
      name: in_app_purchase_storekit
      sha256: "3c73cbebff4365fbb0bef182f35b07e45087f598378f5b676f5825145d5bdbdb"
      url: "https://pub.dev"
    source: hosted
    version: "0.3.6+3"
  intl:
    dependency: "direct overridden"
    description:
      name: intl
      sha256: "3bc132a9dbce73a7e4a21a17d06e1878839ffbf975568bc875c60537824b0c4d"
      url: "https://pub.dev"
    source: hosted
    version: "0.18.1"
  js:
    dependency: transitive
    description:
      name: js
      sha256: f2c445dce49627136094980615a031419f7f3eb393237e4ecd97ac15dea343f3
      url: "https://pub.dev"
    source: hosted
    version: "0.6.7"
  json_annotation:
    dependency: transitive
    description:
      name: json_annotation
      sha256: b10a7b2ff83d83c777edba3c6a0f97045ddadd56c944e1a23a3fdf43a1bf4467
      url: "https://pub.dev"
    source: hosted
    version: "4.8.1"
  just_audio:
    dependency: "direct main"
    description:
      name: just_audio
      sha256: "7e6d31508dacd01a066e3889caf6282e5f1eb60707c230203b21a83af5c55586"
      url: "https://pub.dev"
    source: hosted
    version: "0.9.32"
  just_audio_platform_interface:
    dependency: transitive
    description:
      name: just_audio_platform_interface
      sha256: eff112d5138bea3ba544b6338b1e0537a32b5e1425e4d0dc38f732771cda7c84
      url: "https://pub.dev"
    source: hosted
    version: "4.2.0"
  just_audio_web:
    dependency: transitive
    description:
      name: just_audio_web
      sha256: "89d8db6f19f3821bb6bf908c4bfb846079afb2ab575b783d781a6bf119e3abaf"
      url: "https://pub.dev"
    source: hosted
    version: "0.4.7"
  linkify:
    dependency: "direct main"
    description:
      name: linkify
      sha256: bdfbdafec6cdc9cd0ebb333a868cafc046714ad508e48be8095208c54691d959
      url: "https://pub.dev"
    source: hosted
    version: "4.1.0"
  lints:
    dependency: transitive
    description:
      name: lints
      sha256: "5e4a9cd06d447758280a8ac2405101e0e2094d2a1dbdd3756aec3fe7775ba593"
      url: "https://pub.dev"
    source: hosted
    version: "2.0.1"
  markdown:
    dependency: transitive
    description:
      name: markdown
      sha256: "8e332924094383133cee218b676871f42db2514f1f6ac617b6cf6152a7faab8e"
      url: "https://pub.dev"
    source: hosted
    version: "7.1.0"
  matcher:
    dependency: transitive
    description:
      name: matcher
      sha256: "6501fbd55da300384b768785b83e5ce66991266cec21af89ab9ae7f5ce1c4cbb"
      url: "https://pub.dev"
    source: hosted
    version: "0.12.15"
  material_color_utilities:
    dependency: transitive
    description:
      name: material_color_utilities
      sha256: d92141dc6fe1dad30722f9aa826c7fbc896d021d792f80678280601aff8cf724
      url: "https://pub.dev"
    source: hosted
    version: "0.2.0"
  meta:
    dependency: transitive
    description:
      name: meta
      sha256: "3c74dbf8763d36539f114c799d8a2d87343b5067e9d796ca22b5eb8437090ee3"
      url: "https://pub.dev"
    source: hosted
    version: "1.9.1"
  metadata_fetch:
    dependency: "direct main"
    description:
      name: metadata_fetch
      sha256: "2c79e69e71cbb051041da6a8a9dd3df0617db84482ab3f36b4952ff779b7580e"
      url: "https://pub.dev"
    source: hosted
    version: "0.4.1"
  motion_sensors:
    dependency: "direct main"
    description:
      name: motion_sensors
      sha256: "4e2734a76cd6da633013bcdc68a9efe9fbbcff906e6d6c45040932edda3fa5d6"
      url: "https://pub.dev"
    source: hosted
    version: "0.1.0"
  nested:
    dependency: transitive
    description:
      name: nested
      sha256: "03bac4c528c64c95c722ec99280375a6f2fc708eec17c7b3f07253b626cd2a20"
      url: "https://pub.dev"
    source: hosted
    version: "1.0.0"
  package_info_plus:
    dependency: "direct main"
    description:
      name: package_info_plus
      sha256: "10259b111176fba5c505b102e3a5b022b51dd97e30522e906d6922c745584745"
      url: "https://pub.dev"
    source: hosted
    version: "3.1.2"
  package_info_plus_platform_interface:
    dependency: transitive
    description:
      name: package_info_plus_platform_interface
      sha256: "9bc8ba46813a4cc42c66ab781470711781940780fd8beddd0c3da62506d3a6c6"
      url: "https://pub.dev"
    source: hosted
    version: "2.0.1"
  path:
    dependency: transitive
    description:
      name: path
      sha256: "8829d8a55c13fc0e37127c29fedf290c102f4e40ae94ada574091fe0ff96c917"
      url: "https://pub.dev"
    source: hosted
    version: "1.8.3"
  path_provider:
    dependency: "direct main"
    description:
      name: path_provider
      sha256: c7edf82217d4b2952b2129a61d3ad60f1075b9299e629e149a8d2e39c2e6aad4
      url: "https://pub.dev"
    source: hosted
    version: "2.0.14"
  path_provider_android:
    dependency: transitive
    description:
      name: path_provider_android
      sha256: "2cec049d282c7f13c594b4a73976b0b4f2d7a1838a6dd5aaf7bd9719196bee86"
      url: "https://pub.dev"
    source: hosted
    version: "2.0.27"
  path_provider_foundation:
    dependency: transitive
    description:
      name: path_provider_foundation
      sha256: ad4c4d011830462633f03eb34445a45345673dfd4faf1ab0b4735fbd93b19183
      url: "https://pub.dev"
    source: hosted
    version: "2.2.2"
  path_provider_linux:
    dependency: transitive
    description:
      name: path_provider_linux
      sha256: "2ae08f2216225427e64ad224a24354221c2c7907e448e6e0e8b57b1eb9f10ad1"
      url: "https://pub.dev"
    source: hosted
    version: "2.1.10"
  path_provider_platform_interface:
    dependency: transitive
    description:
      name: path_provider_platform_interface
      sha256: "57585299a729335f1298b43245842678cb9f43a6310351b18fb577d6e33165ec"
      url: "https://pub.dev"
    source: hosted
    version: "2.0.6"
  path_provider_windows:
    dependency: transitive
    description:
      name: path_provider_windows
      sha256: d3f80b32e83ec208ac95253e0cd4d298e104fbc63cb29c5c69edaed43b0c69d6
      url: "https://pub.dev"
    source: hosted
    version: "2.1.6"
  platform:
    dependency: transitive
    description:
      name: platform
      sha256: "4a451831508d7d6ca779f7ac6e212b4023dd5a7d08a27a63da33756410e32b76"
      url: "https://pub.dev"
    source: hosted
    version: "3.1.0"
  plugin_platform_interface:
    dependency: transitive
    description:
      name: plugin_platform_interface
      sha256: "6a2128648c854906c53fa8e33986fc0247a1116122f9534dd20e3ab9e16a32bc"
      url: "https://pub.dev"
    source: hosted
    version: "2.1.4"
  process:
    dependency: transitive
    description:
      name: process
      sha256: "53fd8db9cec1d37b0574e12f07520d582019cb6c44abf5479a01505099a34a09"
      url: "https://pub.dev"
    source: hosted
    version: "4.2.4"
  protobuf:
    dependency: transitive
    description:
      name: protobuf
      sha256: "01dd9bd0fa02548bf2ceee13545d4a0ec6046459d847b6b061d8a27237108a08"
      url: "https://pub.dev"
    source: hosted
    version: "2.1.0"
  provider:
    dependency: "direct main"
    description:
      name: provider
      sha256: cdbe7530b12ecd9eb455bdaa2fcb8d4dad22e80b8afb4798b41479d5ce26847f
      url: "https://pub.dev"
    source: hosted
    version: "6.0.5"
  rxdart:
    dependency: transitive
    description:
      name: rxdart
      sha256: "0c7c0cedd93788d996e33041ffecda924cc54389199cde4e6a34b440f50044cb"
      url: "https://pub.dev"
    source: hosted
    version: "0.27.7"
  shared_preferences:
    dependency: "direct main"
    description:
      name: shared_preferences
      sha256: "858aaa72d8f61637d64e776aca82e1c67e6d9ee07979123c5d17115031c1b13b"
      url: "https://pub.dev"
    source: hosted
    version: "2.1.0"
  shared_preferences_android:
    dependency: transitive
    description:
      name: shared_preferences_android
      sha256: "6478c6bbbecfe9aced34c483171e90d7c078f5883558b30ec3163cf18402c749"
      url: "https://pub.dev"
    source: hosted
    version: "2.1.4"
  shared_preferences_foundation:
    dependency: transitive
    description:
      name: shared_preferences_foundation
      sha256: "0c1c16c56c9708aa9c361541a6f0e5cc6fc12a3232d866a687a7b7db30032b07"
      url: "https://pub.dev"
    source: hosted
    version: "2.2.1"
  shared_preferences_linux:
    dependency: transitive
    description:
      name: shared_preferences_linux
      sha256: "9d387433ca65717bbf1be88f4d5bb18f10508917a8fa2fb02e0fd0d7479a9afa"
      url: "https://pub.dev"
    source: hosted
    version: "2.2.0"
  shared_preferences_platform_interface:
    dependency: transitive
    description:
      name: shared_preferences_platform_interface
      sha256: fb5cf25c0235df2d0640ac1b1174f6466bd311f621574997ac59018a6664548d
      url: "https://pub.dev"
    source: hosted
    version: "2.2.0"
  shared_preferences_web:
    dependency: transitive
    description:
      name: shared_preferences_web
      sha256: "74083203a8eae241e0de4a0d597dbedab3b8fef5563f33cf3c12d7e93c655ca5"
      url: "https://pub.dev"
    source: hosted
    version: "2.1.0"
  shared_preferences_windows:
    dependency: transitive
    description:
      name: shared_preferences_windows
      sha256: "5e588e2efef56916a3b229c3bfe81e6a525665a454519ca51dbcc4236a274173"
      url: "https://pub.dev"
    source: hosted
    version: "2.2.0"
  sky_engine:
    dependency: transitive
    description: flutter
    source: sdk
    version: "0.0.99"
  source_span:
    dependency: transitive
    description:
      name: source_span
      sha256: dd904f795d4b4f3b870833847c461801f6750a9fa8e61ea5ac53f9422b31f250
      url: "https://pub.dev"
    source: hosted
    version: "1.9.1"
  stack_trace:
    dependency: transitive
    description:
      name: stack_trace
      sha256: c3c7d8edb15bee7f0f74debd4b9c5f3c2ea86766fe4178eb2a18eb30a0bdaed5
      url: "https://pub.dev"
    source: hosted
    version: "1.11.0"
  sticky_headers:
    dependency: "direct main"
    description:
      name: sticky_headers
      sha256: "9b3dd2cb0fd6a7038170af3261f855660cbb241cb56c501452cb8deed7023ede"
      url: "https://pub.dev"
    source: hosted
    version: "0.3.0+2"
  stream_channel:
    dependency: transitive
    description:
      name: stream_channel
      sha256: "83615bee9045c1d322bbbd1ba209b7a749c2cbcdcb3fdd1df8eb488b3279c1c8"
      url: "https://pub.dev"
    source: hosted
    version: "2.1.1"
  string_scanner:
    dependency: transitive
    description:
      name: string_scanner
      sha256: "556692adab6cfa87322a115640c11f13cb77b3f076ddcc5d6ae3c20242bedcde"
      url: "https://pub.dev"
    source: hosted
    version: "1.2.0"
  string_validator:
    dependency: transitive
    description:
      name: string_validator
      sha256: "50dd8ecf91db6a732f4a851eeae81ee12406eedc62d0da72f2d91a04a2d10dd8"
      url: "https://pub.dev"
    source: hosted
    version: "0.3.0"
  styled_text:
    dependency: "direct main"
    description:
      name: styled_text
      sha256: f72928d1ebe8cb149e3b34a689cb1ddca696b808187cf40ac3a0bd183dff379c
      url: "https://pub.dev"
    source: hosted
    version: "7.0.0"
  synchronized:
    dependency: transitive
    description:
      name: synchronized
      sha256: "5fcbd27688af6082f5abd611af56ee575342c30e87541d0245f7ff99faa02c60"
      url: "https://pub.dev"
    source: hosted
    version: "3.1.0"
  term_glyph:
    dependency: transitive
    description:
      name: term_glyph
      sha256: a29248a84fbb7c79282b40b8c72a1209db169a2e0542bce341da992fe1bc7e84
      url: "https://pub.dev"
    source: hosted
    version: "1.2.1"
  test_api:
    dependency: transitive
    description:
      name: test_api
      sha256: eb6ac1540b26de412b3403a163d919ba86f6a973fe6cc50ae3541b80092fdcfb
      url: "https://pub.dev"
    source: hosted
    version: "0.5.1"
  typed_data:
    dependency: transitive
    description:
      name: typed_data
      sha256: "26f87ade979c47a150c9eaab93ccd2bebe70a27dc0b4b29517f2904f04eb11a5"
      url: "https://pub.dev"
    source: hosted
    version: "1.3.1"
  url_launcher:
    dependency: "direct main"
    description:
      name: url_launcher
      sha256: "75f2846facd11168d007529d6cd8fcb2b750186bea046af9711f10b907e1587e"
      url: "https://pub.dev"
    source: hosted
    version: "6.1.10"
  url_launcher_android:
    dependency: transitive
    description:
      name: url_launcher_android
      sha256: "22f8db4a72be26e9e3a4aa3f194b1f7afbc76d20ec141f84be1d787db2155cbd"
      url: "https://pub.dev"
    source: hosted
    version: "6.0.31"
  url_launcher_ios:
    dependency: transitive
    description:
      name: url_launcher_ios
      sha256: "9af7ea73259886b92199f9e42c116072f05ff9bea2dcb339ab935dfc957392c2"
      url: "https://pub.dev"
    source: hosted
    version: "6.1.4"
  url_launcher_linux:
    dependency: transitive
    description:
      name: url_launcher_linux
      sha256: "207f4ddda99b95b4d4868320a352d374b0b7e05eefad95a4a26f57da413443f5"
      url: "https://pub.dev"
    source: hosted
    version: "3.0.5"
  url_launcher_macos:
    dependency: transitive
    description:
      name: url_launcher_macos
      sha256: "91ee3e75ea9dadf38036200c5d3743518f4a5eb77a8d13fda1ee5764373f185e"
      url: "https://pub.dev"
    source: hosted
    version: "3.0.5"
  url_launcher_platform_interface:
    dependency: transitive
    description:
      name: url_launcher_platform_interface
      sha256: "6c9ca697a5ae218ce56cece69d46128169a58aa8653c1b01d26fcd4aad8c4370"
      url: "https://pub.dev"
    source: hosted
    version: "2.1.2"
  url_launcher_web:
    dependency: transitive
    description:
      name: url_launcher_web
      sha256: "81fe91b6c4f84f222d186a9d23c73157dc4c8e1c71489c4d08be1ad3b228f1aa"
      url: "https://pub.dev"
    source: hosted
    version: "2.0.16"
  url_launcher_windows:
    dependency: transitive
    description:
      name: url_launcher_windows
      sha256: "254708f17f7c20a9c8c471f67d86d76d4a3f9c1591aad1e15292008aceb82771"
      url: "https://pub.dev"
    source: hosted
    version: "3.0.6"
  uuid:
    dependency: transitive
    description:
      name: uuid
      sha256: "648e103079f7c64a36dc7d39369cabb358d377078a051d6ae2ad3aa539519313"
      url: "https://pub.dev"
    source: hosted
    version: "3.0.7"
  vector_math:
    dependency: transitive
    description:
      name: vector_math
      sha256: "80b3257d1492ce4d091729e3a67a60407d227c27241d6927be0130c98e741803"
      url: "https://pub.dev"
    source: hosted
    version: "2.1.4"
  visibility_detector:
    dependency: transitive
    description:
      name: visibility_detector
      sha256: "15c54a459ec2c17b4705450483f3d5a2858e733aee893dcee9d75fd04814940d"
      url: "https://pub.dev"
    source: hosted
    version: "0.3.3"
  wakelock:
    dependency: "direct main"
    description:
      name: wakelock
      sha256: "769ecf42eb2d07128407b50cb93d7c10bd2ee48f0276ef0119db1d25cc2f87db"
      url: "https://pub.dev"
    source: hosted
    version: "0.6.2"
  wakelock_macos:
    dependency: transitive
    description:
      name: wakelock_macos
      sha256: "047c6be2f88cb6b76d02553bca5a3a3b95323b15d30867eca53a19a0a319d4cd"
      url: "https://pub.dev"
    source: hosted
    version: "0.4.0"
  wakelock_platform_interface:
    dependency: transitive
    description:
      name: wakelock_platform_interface
      sha256: "1f4aeb81fb592b863da83d2d0f7b8196067451e4df91046c26b54a403f9de621"
      url: "https://pub.dev"
    source: hosted
    version: "0.3.0"
  wakelock_web:
    dependency: transitive
    description:
      name: wakelock_web
      sha256: "1b256b811ee3f0834888efddfe03da8d18d0819317f20f6193e2922b41a501b5"
      url: "https://pub.dev"
    source: hosted
    version: "0.4.0"
  wakelock_windows:
    dependency: transitive
    description:
      name: wakelock_windows
      sha256: "857f77b3fe6ae82dd045455baa626bc4b93cb9bb6c86bf3f27c182167c3a5567"
      url: "https://pub.dev"
    source: hosted
    version: "0.2.1"
  webview_flutter:
    dependency: "direct main"
    description:
      name: webview_flutter
      sha256: "1a37bdbaaf5fbe09ad8579ab09ecfd473284ce482f900b5aea27cf834386a567"
      url: "https://pub.dev"
    source: hosted
    version: "4.2.0"
  webview_flutter_android:
    dependency: "direct main"
    description:
      name: webview_flutter_android
      sha256: "1acea8def62592123e2fbbca164ed8681a98a890bdcbb88f916d5b4a22687759"
      url: "https://pub.dev"
    source: hosted
    version: "3.7.0"
  webview_flutter_platform_interface:
    dependency: transitive
    description:
      name: webview_flutter_platform_interface
      sha256: "78715dc442b7849dbde74e92bb67de1cecf5addf95531c5fb474e72f5fe9a507"
      url: "https://pub.dev"
    source: hosted
    version: "2.3.0"
  webview_flutter_wkwebview:
    dependency: "direct main"
    description:
      name: webview_flutter_wkwebview
      sha256: "61f33512810bf1ee9ac89761a4b02663ff64e8227b7dc80654642acd660fd49d"
      url: "https://pub.dev"
    source: hosted
    version: "3.4.2"
  win32:
    dependency: transitive
    description:
      name: win32
      sha256: a6f0236dbda0f63aa9a25ad1ff9a9d8a4eaaa5012da0dc59d21afdb1dc361ca4
      url: "https://pub.dev"
    source: hosted
    version: "3.1.4"
  xdg_directories:
    dependency: transitive
    description:
      name: xdg_directories
      sha256: ee1505df1426458f7f60aac270645098d318a8b4766d85fde75f76f2e21807d1
      url: "https://pub.dev"
    source: hosted
    version: "1.0.0"
  xmlstream:
    dependency: transitive
    description:
      name: xmlstream
      sha256: "2d10c69a9d5fc46f71798b80ee6db15bc0d5bf560fdbdd264776cbeee0c83631"
      url: "https://pub.dev"
    source: hosted
    version: "1.0.0"
sdks:
  dart: ">=3.0.0 <4.0.0"
  flutter: ">=3.7.0"
